
Microsoft Visual Studio Solution File, Format Version 12.00
# Visual Studio Version 16
VisualStudioVersion = 16.0.29709.97
MinimumVisualStudioVersion = 10.0.40219.1
Project("{FAE04EC0-301F-11D3-BF4B-00C04F79EFBC}") = "CardGame", "CardGame.csproj", "{1B4371CD-C684-4C94-888A-784474CCCFC2}"
EndProject
Global
	GlobalSection(SolutionConfigurationPlatforms) = preSolution
		Debug|Any CPU = Debug|Any CPU
		Release|Any CPU = Release|Any CPU
	EndGlobalSection
	GlobalSection(ProjectConfigurationPlatforms) = postSolution
		{1B4371CD-C684-4C94-888A-784474CCCFC2}.Debug|Any CPU.ActiveCfg = Debug|Any CPU
		{1B4371CD-C684-4C94-888A-784474CCCFC2}.Debug|Any CPU.Build.0 = Debug|Any CPU
		{1B4371CD-C684-4C94-888A-784474CCCFC2}.Release|Any CPU.ActiveCfg = Release|Any CPU
		{1B4371CD-C684-4C94-888A-784474CCCFC2}.Release|Any CPU.Build.0 = Release|Any CPU
	EndGlobalSection
	GlobalSection(SolutionProperties) = preSolution
		HideSolutionNode = FALSE
	EndGlobalSection
	GlobalSection(ExtensibilityGlobals) = postSolution
		SolutionGuid = {4896CDDE-263D-45BF-AD1D-846A1CC15535}
	EndGlobalSection
EndGlobal
